
Microsoft Visual Studio Solution File, Format Version 12.00
# Visual Studio Version 17
VisualStudioVersion = 17.10.34916.146
MinimumVisualStudioVersion = 10.0.40219.1
Project("{FAE04EC0-301F-11D3-BF4B-00C04F79EFBC}") = "Core", "Core\Core.csproj", "{C35DF086-2F1B-4EC5-9244-F878E3892339}"
EndProject
Project("{FAE04EC0-301F-11D3-BF4B-00C04F79EFBC}") = "Data", "Data\Data.csproj", "{2CF79373-426D-488F-84EE-5B3D84ECB0A6}"
EndProject
Project("{FAE04EC0-301F-11D3-BF4B-00C04F79EFBC}") = "Handlers", "Handlers\Handlers.csproj", "{CE47A021-05FB-4E43-98A0-75D22654920F}"
EndProject
Project("{FAE04EC0-301F-11D3-BF4B-00C04F79EFBC}") = "Api", "Api\Api.csproj", "{0F2ED94A-E06B-4551-9EF4-35A925691B55}"
EndProject
Project("{FAE04EC0-301F-11D3-BF4B-00C04F79EFBC}") = "PruebasUnitarias", "PruebasUnitarias\PruebasUnitarias.csproj", "{B3755854-89C5-4291-B2F7-D83C44C69646}"
EndProject
Global
	GlobalSection(SolutionConfigurationPlatforms) = preSolution
		Debug|Any CPU = Debug|Any CPU
		Release|Any CPU = Release|Any CPU
	EndGlobalSection
	GlobalSection(ProjectConfigurationPlatforms) = postSolution
		{C35DF086-2F1B-4EC5-9244-F878E3892339}.Debug|Any CPU.ActiveCfg = Debug|Any CPU
		{C35DF086-2F1B-4EC5-9244-F878E3892339}.Debug|Any CPU.Build.0 = Debug|Any CPU
		{C35DF086-2F1B-4EC5-9244-F878E3892339}.Release|Any CPU.ActiveCfg = Release|Any CPU
		{C35DF086-2F1B-4EC5-9244-F878E3892339}.Release|Any CPU.Build.0 = Release|Any CPU
		{2CF79373-426D-488F-84EE-5B3D84ECB0A6}.Debug|Any CPU.ActiveCfg = Debug|Any CPU
		{2CF79373-426D-488F-84EE-5B3D84ECB0A6}.Debug|Any CPU.Build.0 = Debug|Any CPU
		{2CF79373-426D-488F-84EE-5B3D84ECB0A6}.Release|Any CPU.ActiveCfg = Release|Any CPU
		{2CF79373-426D-488F-84EE-5B3D84ECB0A6}.Release|Any CPU.Build.0 = Release|Any CPU
		{CE47A021-05FB-4E43-98A0-75D22654920F}.Debug|Any CPU.ActiveCfg = Debug|Any CPU
		{CE47A021-05FB-4E43-98A0-75D22654920F}.Debug|Any CPU.Build.0 = Debug|Any CPU
		{CE47A021-05FB-4E43-98A0-75D22654920F}.Release|Any CPU.ActiveCfg = Release|Any CPU
		{CE47A021-05FB-4E43-98A0-75D22654920F}.Release|Any CPU.Build.0 = Release|Any CPU
		{0F2ED94A-E06B-4551-9EF4-35A925691B55}.Debug|Any CPU.ActiveCfg = Debug|Any CPU
		{0F2ED94A-E06B-4551-9EF4-35A925691B55}.Debug|Any CPU.Build.0 = Debug|Any CPU
		{0F2ED94A-E06B-4551-9EF4-35A925691B55}.Release|Any CPU.ActiveCfg = Release|Any CPU
		{0F2ED94A-E06B-4551-9EF4-35A925691B55}.Release|Any CPU.Build.0 = Release|Any CPU
		{B3755854-89C5-4291-B2F7-D83C44C69646}.Debug|Any CPU.ActiveCfg = Debug|Any CPU
		{B3755854-89C5-4291-B2F7-D83C44C69646}.Debug|Any CPU.Build.0 = Debug|Any CPU
		{B3755854-89C5-4291-B2F7-D83C44C69646}.Release|Any CPU.ActiveCfg = Release|Any CPU
		{B3755854-89C5-4291-B2F7-D83C44C69646}.Release|Any CPU.Build.0 = Release|Any CPU
	EndGlobalSection
	GlobalSection(SolutionProperties) = preSolution
		HideSolutionNode = FALSE
	EndGlobalSection
	GlobalSection(ExtensibilityGlobals) = postSolution
		SolutionGuid = {56D5F3E3-6F82-45F7-A41B-6CC0FE2FD8FD}
	EndGlobalSection
EndGlobal
